
Microsoft Visual Studio Solution File, Format Version 12.00
# Visual Studio Version 16
VisualStudioVersion = 16.0.30804.86
MinimumVisualStudioVersion = 10.0.40219.1
Project("{FAE04EC0-301F-11D3-BF4B-00C04F79EFBC}") = "Symmetry", "Symmetry.csproj", "{3B31C4F3-4F1E-4204-85F5-C91D070E0F49}"
EndProject
Global
	GlobalSection(SolutionConfigurationPlatforms) = preSolution
		Debug|Any CPU = Debug|Any CPU
		Release|Any CPU = Release|Any CPU
	EndGlobalSection
	GlobalSection(ProjectConfigurationPlatforms) = postSolution
		{3B31C4F3-4F1E-4204-85F5-C91D070E0F49}.Debug|Any CPU.ActiveCfg = Debug|Any CPU
		{3B31C4F3-4F1E-4204-85F5-C91D070E0F49}.Debug|Any CPU.Build.0 = Debug|Any CPU
		{3B31C4F3-4F1E-4204-85F5-C91D070E0F49}.Release|Any CPU.ActiveCfg = Release|Any CPU
		{3B31C4F3-4F1E-4204-85F5-C91D070E0F49}.Release|Any CPU.Build.0 = Release|Any CPU
	EndGlobalSection
	GlobalSection(SolutionProperties) = preSolution
		HideSolutionNode = FALSE
	EndGlobalSection
	GlobalSection(ExtensibilityGlobals) = postSolution
		SolutionGuid = {036557BA-4D3C-4DBB-960B-881615F55BF4}
	EndGlobalSection
EndGlobal
